
Microsoft Visual Studio Solution File, Format Version 12.00
# Visual Studio Version 17
VisualStudioVersion = 17.9.34622.214
MinimumVisualStudioVersion = 10.0.40219.1
Project("{9A19103F-16F7-4668-BE54-9A1E7A4F7556}") = "PartitonPool", "PartitonPool.csproj", "{1D85252E-5915-48F7-892E-0768C4E7E9FB}"
EndProject
Global
	GlobalSection(SolutionConfigurationPlatforms) = preSolution
		Debug|Any CPU = Debug|Any CPU
		Release|Any CPU = Release|Any CPU
	EndGlobalSection
	GlobalSection(ProjectConfigurationPlatforms) = postSolution
		{1D85252E-5915-48F7-892E-0768C4E7E9FB}.Debug|Any CPU.ActiveCfg = Debug|Any CPU
		{1D85252E-5915-48F7-892E-0768C4E7E9FB}.Debug|Any CPU.Build.0 = Debug|Any CPU
		{1D85252E-5915-48F7-892E-0768C4E7E9FB}.Release|Any CPU.ActiveCfg = Release|Any CPU
		{1D85252E-5915-48F7-892E-0768C4E7E9FB}.Release|Any CPU.Build.0 = Release|Any CPU
	EndGlobalSection
	GlobalSection(SolutionProperties) = preSolution
		HideSolutionNode = FALSE
	EndGlobalSection
	GlobalSection(ExtensibilityGlobals) = postSolution
		SolutionGuid = {0E11DD33-3E52-48E0-88A0-DC0FADA2911C}
	EndGlobalSection
EndGlobal
